// !$*UTF8*$!
{
	archiveVersion = 1;
	classes = {
	};
	objectVersion = 48;
	objects = {

/* Begin PBXBuildFile section */
		08163A542083C8740034911F /* Portal.scnassets in Resources */ = {isa = PBXBuildFile; fileRef = 08163A532083C8740034911F /* Portal.scnassets */; };
		081E8D402083008E0064DE10 /* AppDelegate.swift in Sources */ = {isa = PBXBuildFile; fileRef = 081E8D3F2083008E0064DE10 /* AppDelegate.swift */; };
		081E8D422083008E0064DE10 /* ViewController.swift in Sources */ = {isa = PBXBuildFile; fileRef = 081E8D412083008E0064DE10 /* ViewController.swift */; };
		081E8D452083008E0064DE10 /* Main.storyboard in Resources */ = {isa = PBXBuildFile; fileRef = 081E8D432083008E0064DE10 /* Main.storyboard */; };
		081E8D472083008E0064DE10 /* Assets.xcassets in Resources */ = {isa = PBXBuildFile; fileRef = 081E8D462083008E0064DE10 /* Assets.xcassets */; };
		081E8D4A2083008E0064DE10 /* LaunchScreen.storyboard in Resources */ = {isa = PBXBuildFile; fileRef = 081E8D482083008E0064DE10 /* LaunchScreen.storyboard */; };
		081E8D552083008E0064DE10 /* ARPortalTests.swift in Sources */ = {isa = PBXBuildFile; fileRef = 081E8D542083008E0064DE10 /* ARPortalTests.swift */; };
		081E8D602083008E0064DE10 /* ARPortalUITests.swift in Sources */ = {isa = PBXBuildFile; fileRef = 081E8D5F2083008E0064DE10 /* ARPortalUITests.swift */; };
/* End PBXBuildFile section */

/* Begin PBXContainerItemProxy section */
		081E8D512083008E0064DE10 /* PBXContainerItemProxy */ = {
			isa = PBXContainerItemProxy;
			containerPortal = 081E8D342083008D0064DE10 /* Project object */;
			proxyType = 1;
			remoteGlobalIDString = 081E8D3B2083008D0064DE10;
			remoteInfo = ARPortal;
		};
		081E8D5C2083008E0064DE10 /* PBXContainerItemProxy */ = {
			isa = PBXContainerItemProxy;
			containerPortal = 081E8D342083008D0064DE10 /* Project object */;
			proxyType = 1;
			remoteGlobalIDString = 081E8D3B2083008D0064DE10;
			remoteInfo = ARPortal;
		};
/* End PBXContainerItemProxy section */

/* Begin PBXFileReference section */
		08163A532083C8740034911F /* Portal.scnassets */ = {isa = PBXFileReference; lastKnownFileType = wrapper.scnassets; path = Portal.scnassets; sourceTree = "<group>"; };
		081E8D3C2083008E0064DE10 /* ARPortal.app */ = {isa = PBXFileReference; explicitFileType = wrapper.application; includeInIndex = 0; path = ARPortal.app; sourceTree = BUILT_PRODUCTS_DIR; };
		081E8D3F2083008E0064DE10 /* AppDelegate.swift */ = {isa = PBXFileReference; lastKnownFileType = sourcecode.swift; path = AppDelegate.swift; sourceTree = "<group>"; };
		081E8D412083008E0064DE10 /* ViewController.swift */ = {isa = PBXFileReference; lastKnownFileType = sourcecode.swift; path = ViewController.swift; sourceTree = "<group>"; };
		081E8D442083008E0064DE10 /* Base */ = {isa = PBXFileReference; lastKnownFileType = file.storyboard; name = Base; path = Base.lproj/Main.storyboard; sourceTree = "<group>"; };
		081E8D462083008E0064DE10 /* Assets.xcassets */ = {isa = PBXFileReference; lastKnownFileType = folder.assetcatalog; path = Assets.xcassets; sourceTree = "<group>"; };
		081E8D492083008E0064DE10 /* Base */ = {isa = PBXFileReference; lastKnownFileType = file.storyboard; name = Base; path = Base.lproj/LaunchScreen.storyboard; sourceTree = "<group>"; };
		081E8D4B2083008E0064DE10 /* Info.plist */ = {isa = PBXFileReference; lastKnownFileType = text.plist.xml; path = Info.plist; sourceTree = "<group>"; };
		081E8D502083008E0064DE10 /* ARPortalTests.xctest */ = {isa = PBXFileReference; explicitFileType = wrapper.cfbundle; includeInIndex = 0; path = ARPortalTests.xctest; sourceTree = BUILT_PRODUCTS_DIR; };
		081E8D542083008E0064DE10 /* ARPortalTests.swift */ = {isa = PBXFileReference; lastKnownFileType = sourcecode.swift; path = ARPortalTests.swift; sourceTree = "<group>"; };
		081E8D562083008E0064DE10 /* Info.plist */ = {isa = PBXFileReference; lastKnownFileType = text.plist.xml; path = Info.plist; sourceTree = "<group>"; };
		081E8D5B2083008E0064DE10 /* ARPortalUITests.xctest */ = {isa = PBXFileReference; explicitFileType = wrapper.cfbundle; includeInIndex = 0; path = ARPortalUITests.xctest; sourceTree = BUILT_PRODUCTS_DIR; };
		081E8D5F2083008E0064DE10 /* ARPortalUITests.swift */ = {isa = PBXFileReference; lastKnownFileType = sourcecode.swift; path = ARPortalUITests.swift; sourceTree = "<group>"; };
		081E8D612083008E0064DE10 /* Info.plist */ = {isa = PBXFileReference; lastKnownFileType = text.plist.xml; path = Info.plist; sourceTree = "<group>"; };
/* End PBXFileReference section */

/* Begin PBXFrameworksBuildPhase section */
		081E8D392083008D0064DE10 /* Frameworks */ = {
			isa = PBXFrameworksBuildPhase;
			buildActionMask = 2147483647;
			files = (
			);
			runOnlyForDeploymentPostprocessing = 0;
		};
		081E8D4D2083008E0064DE10 /* Frameworks */ = {
			isa = PBXFrameworksBuildPhase;
			buildActionMask = 2147483647;
			files = (
			);
			runOnlyForDeploymentPostprocessing = 0;
		};
		081E8D582083008E0064DE10 /* Frameworks */ = {
			isa = PBXFrameworksBuildPhase;
			buildActionMask = 2147483647;
			files = (
			);
			runOnlyForDeploymentPostprocessing = 0;
		};
/* End PBXFrameworksBuildPhase section */

/* Begin PBXGroup section */
		081E8D332083008D0064DE10 = {
			isa = PBXGroup;
			children = (
				081E8D3E2083008E0064DE10 /* ARPortal */,
				081E8D532083008E0064DE10 /* ARPortalTests */,
				081E8D5E2083008E0064DE10 /* ARPortalUITests */,
				081E8D3D2083008E0064DE10 /* Products */,
			);
			sourceTree = "<group>";
		};
		081E8D3D2083008E0064DE10 /* Products */ = {
			isa = PBXGroup;
			children = (
				081E8D3C2083008E0064DE10 /* ARPortal.app */,
				081E8D502083008E0064DE10 /* ARPortalTests.xctest */,
				081E8D5B2083008E0064DE10 /* ARPortalUITests.xctest */,
			);
			name = Products;
			sourceTree = "<group>";
		};
		081E8D3E2083008E0064DE10 /* ARPortal */ = {
			isa = PBXGroup;
			children = (
				081E8D3F2083008E0064DE10 /* AppDelegate.swift */,
				081E8D412083008E0064DE10 /* ViewController.swift */,
				081E8D432083008E0064DE10 /* Main.storyboard */,
				081E8D462083008E0064DE10 /* Assets.xcassets */,
				081E8D482083008E0064DE10 /* LaunchScreen.storyboard */,
				081E8D4B2083008E0064DE10 /* Info.plist */,
				08163A532083C8740034911F /* Portal.scnassets */,
			);
			path = ARPortal;
			sourceTree = "<group>";
		};
		081E8D532083008E0064DE10 /* ARPortalTests */ = {
			isa = PBXGroup;
			children = (
				081E8D542083008E0064DE10 /* ARPortalTests.swift */,
				081E8D562083008E0064DE10 /* Info.plist */,
			);
			path = ARPortalTests;
			sourceTree = "<group>";
		};
		081E8D5E2083008E0064DE10 /* ARPortalUITests */ = {
			isa = PBXGroup;
			children = (
				081E8D5F2083008E0064DE10 /* ARPortalUITests.swift */,
				081E8D612083008E0064DE10 /* Info.plist */,
			);
			path = ARPortalUITests;
			sourceTree = "<group>";
		};
/* End PBXGroup section */

/* Begin PBXNativeTarget section */
		081E8D3B2083008D0064DE10 /* ARPortal */ = {
			isa = PBXNativeTarget;
			buildConfigurationList = 081E8D642083008E0064DE10 /* Build configuration list for PBXNativeTarget "ARPortal" */;
			buildPhases = (
				081E8D382083008D0064DE10 /* Sources */,
				081E8D392083008D0064DE10 /* Frameworks */,
				081E8D3A2083008D0064DE10 /* Resources */,
			);
			buildRules = (
			);
			dependencies = (
			);
			name = ARPortal;
			productName = ARPortal;
			productReference = 081E8D3C2083008E0064DE10 /* ARPortal.app */;
			productType = "com.apple.product-type.application";
		};
		081E8D4F2083008E0064DE10 /* ARPortalTests */ = {
			isa = PBXNativeTarget;
			buildConfigurationList = 081E8D672083008E0064DE10 /* Build configuration list for PBXNativeTarget "ARPortalTests" */;
			buildPhases = (
				081E8D4C2083008E0064DE10 /* Sources */,
				081E8D4D2083008E0064DE10 /* Frameworks */,
				081E8D4E2083008E0064DE10 /* Resources */,
			);
			buildRules = (
			);
			dependencies = (
				081E8D522083008E0064DE10 /* PBXTargetDependency */,
			);
			name = ARPortalTests;
			productName = ARPortalTests;
			productReference = 081E8D502083008E0064DE10 /* ARPortalTests.xctest */;
			productType = "com.apple.product-type.bundle.unit-test";
		};
		081E8D5A2083008E0064DE10 /* ARPortalUITests */ = {
			isa = PBXNativeTarget;
			buildConfigurationList = 081E8D6A2083008E0064DE10 /* Build configuration list for PBXNativeTarget "ARPortalUITests" */;
			buildPhases = (
				081E8D572083008E0064DE10 /* Sources */,
				081E8D582083008E0064DE10 /* Frameworks */,
				081E8D592083008E0064DE10 /* Resources */,
			);
			buildRules = (
			);
			dependencies = (
				081E8D5D2083008E0064DE10 /* PBXTargetDependency */,
			);
			name = ARPortalUITests;
			productName = ARPortalUITests;
			productReference = 081E8D5B2083008E0064DE10 /* ARPortalUITests.xctest */;
			productType = "com.apple.product-type.bundle.ui-testing";
		};
/* End PBXNativeTarget section */

/* Begin PBXProject section */
		081E8D342083008D0064DE10 /* Project object */ = {
			isa = PBXProject;
			attributes = {
				LastSwiftUpdateCheck = 0920;
				LastUpgradeCheck = 0930;
				ORGANIZATIONNAME = "Zaynah Bhanji";
				TargetAttributes = {
					081E8D3B2083008D0064DE10 = {
						CreatedOnToolsVersion = 9.2;
						ProvisioningStyle = Automatic;
					};
					081E8D4F2083008E0064DE10 = {
						CreatedOnToolsVersion = 9.2;
						ProvisioningStyle = Automatic;
						TestTargetID = 081E8D3B2083008D0064DE10;
					};
					081E8D5A2083008E0064DE10 = {
						CreatedOnToolsVersion = 9.2;
						ProvisioningStyle = Automatic;
						TestTargetID = 081E8D3B2083008D0064DE10;
					};
				};
			};
			buildConfigurationList = 081E8D372083008D0064DE10 /* Build configuration list for PBXProject "ARPortal" */;
			compatibilityVersion = "Xcode 8.0";
			developmentRegion = en;
			hasScannedForEncodings = 0;
			knownRegions = (
				en,
				Base,
			);
			mainGroup = 081E8D332083008D0064DE10;
			productRefGroup = 081E8D3D2083008E0064DE10 /* Products */;
			projectDirPath = "";
			projectRoot = "";
			targets = (
				081E8D3B2083008D0064DE10 /* ARPortal */,
				081E8D4F2083008E0064DE10 /* ARPortalTests */,
				081E8D5A2083008E0064DE10 /* ARPortalUITests */,
			);
		};
/* End PBXProject section */

/* Begin PBXResourcesBuildPhase section */
		081E8D3A2083008D0064DE10 /* Resources */ = {
			isa = PBXResourcesBuildPhase;
			buildActionMask = 2147483647;
			files = (
				08163A542083C8740034911F /* Portal.scnassets in Resources */,
				081E8D4A2083008E0064DE10 /* LaunchScreen.storyboard in Resources */,
				081E8D472083008E0064DE10 /* Assets.xcassets in Resources */,
				081E8D452083008E0064DE10 /* Main.storyboard in Resources */,
			);
			runOnlyForDeploymentPostprocessing = 0;
		};
		081E8D4E2083008E0064DE10 /* Resources */ = {
			isa = PBXResourcesBuildPhase;
			buildActionMask = 2147483647;
			files = (
			);
			runOnlyForDeploymentPostprocessing = 0;
		};
		081E8D592083008E0064DE10 /* Resources */ = {
			isa = PBXResourcesBuildPhase;
			buildActionMask = 2147483647;
			files = (
			);
			runOnlyForDeploymentPostprocessing = 0;
		};
/* End PBXResourcesBuildPhase section */

/* Begin PBXSourcesBuildPhase section */
		081E8D382083008D0064DE10 /* Sources */ = {
			isa = PBXSourcesBuildPhase;
			buildActionMask = 2147483647;
			files = (
				081E8D422083008E0064DE10 /* ViewController.swift in Sources */,
				081E8D402083008E0064DE10 /* AppDelegate.swift in Sources */,
			);
			runOnlyForDeploymentPostprocessing = 0;
		};
		081E8D4C2083008E0064DE10 /* Sources */ = {
			isa = PBXSourcesBuildPhase;
			buildActionMask = 2147483647;
			files = (
				081E8D552083008E0064DE10 /* ARPortalTests.swift in Sources */,
			);
			runOnlyForDeploymentPostprocessing = 0;
		};
		081E8D572083008E0064DE10 /* Sources */ = {
			isa = PBXSourcesBuildPhase;
			buildActionMask = 2147483647;
			files = (
				081E8D602083008E0064DE10 /* ARPortalUITests.swift in Sources */,
			);
			runOnlyForDeploymentPostprocessing = 0;
		};
/* End PBXSourcesBuildPhase section */

/* Begin PBXTargetDependency section */
		081E8D522083008E0064DE10 /* PBXTargetDependency */ = {
			isa = PBXTargetDependency;
			target = 081E8D3B2083008D0064DE10 /* ARPortal */;
			targetProxy = 081E8D512083008E0064DE10 /* PBXContainerItemProxy */;
		};
		081E8D5D2083008E0064DE10 /* PBXTargetDependency */ = {
			isa = PBXTargetDependency;
			target = 081E8D3B2083008D0064DE10 /* ARPortal */;
			targetProxy = 081E8D5C2083008E0064DE10 /* PBXContainerItemProxy */;
		};
/* End PBXTargetDependency section */

/* Begin PBXVariantGroup section */
		081E8D432083008E0064DE10 /* Main.storyboard */ = {
			isa = PBXVariantGroup;
			children = (
				081E8D442083008E0064DE10 /* Base */,
			);
			name = Main.storyboard;
			sourceTree = "<group>";
		};
		081E8D482083008E0064DE10 /* LaunchScreen.storyboard */ = {
			isa = PBXVariantGroup;
			children = (
				081E8D492083008E0064DE10 /* Base */,
			);
			name = LaunchScreen.storyboard;
			sourceTree = "<group>";
		};
/* End PBXVariantGroup section */

/* Begin XCBuildConfiguration section */
		081E8D622083008E0064DE10 /* Debug */ = {
			isa = XCBuildConfiguration;
			buildSettings = {
				ALWAYS_SEARCH_USER_PATHS = NO;
				CLANG_ANALYZER_NONNULL = YES;
				CLANG_ANALYZER_NUMBER_OBJECT_CONVERSION = YES_AGGRESSIVE;
				CLANG_CXX_LANGUAGE_STANDARD = "gnu++14";
				CLANG_CXX_LIBRARY = "libc++";
				CLANG_ENABLE_MODULES = YES;
				CLANG_ENABLE_OBJC_ARC = YES;
				CLANG_WARN_BLOCK_CAPTURE_AUTORELEASING = YES;
				CLANG_WARN_BOOL_CONVERSION = YES;
				CLANG_WARN_COMMA = YES;
				CLANG_WARN_CONSTANT_CONVERSION = YES;
				CLANG_WARN_DEPRECATED_OBJC_IMPLEMENTATIONS = YES;
				CLANG_WARN_DIRECT_OBJC_ISA_USAGE = YES_ERROR;
				CLANG_WARN_DOCUMENTATION_COMMENTS = YES;
				CLANG_WARN_EMPTY_BODY = YES;
				CLANG_WARN_ENUM_CONVERSION = YES;
				CLANG_WARN_INFINITE_RECURSION = YES;
				CLANG_WARN_INT_CONVERSION = YES;
				CLANG_WARN_NON_LITERAL_NULL_CONVERSION = YES;
				CLANG_WARN_OBJC_IMPLICIT_RETAIN_SELF = YES;
				CLANG_WARN_OBJC_LITERAL_CONVERSION = YES;
				CLANG_WARN_OBJC_ROOT_CLASS = YES_ERROR;
				CLANG_WARN_RANGE_LOOP_ANALYSIS = YES;
				CLANG_WARN_STRICT_PROTOTYPES = YES;
				CLANG_WARN_SUSPICIOUS_MOVE = YES;
				CLANG_WARN_UNGUARDED_AVAILABILITY = YES_AGGRESSIVE;
				CLANG_WARN_UNREACHABLE_CODE = YES;
				CLANG_WARN__DUPLICATE_METHOD_MATCH = YES;
				CODE_SIGN_IDENTITY = "iPhone Developer";
				COPY_PHASE_STRIP = NO;
				DEBUG_INFORMATION_FORMAT = dwarf;
				ENABLE_STRICT_OBJC_MSGSEND = YES;
				ENABLE_TESTABILITY = YES;
				GCC_C_LANGUAGE_STANDARD = gnu11;
				GCC_DYNAMIC_NO_PIC = NO;
				GCC_NO_COMMON_BLOCKS = YES;
				GCC_OPTIMIZATION_LEVEL = 0;
				GCC_PREPROCESSOR_DEFINITIONS = (
					"DEBUG=1",
					"$(inherited)",
				);
				GCC_WARN_64_TO_32_BIT_CONVERSION = YES;
				GCC_WARN_ABOUT_RETURN_TYPE = YES_ERROR;
				GCC_WARN_UNDECLARED_SELECTOR = YES;
				GCC_WARN_UNINITIALIZED_AUTOS = YES_AGGRESSIVE;
				GCC_WARN_UNUSED_FUNCTION = YES;
				GCC_WARN_UNUSED_VARIABLE = YES;
				IPHONEOS_DEPLOYMENT_TARGET = 11.3;
				MTL_ENABLE_DEBUG_INFO = YES;
				ONLY_ACTIVE_ARCH = YES;
				SDKROOT = iphoneos;
				SWIFT_ACTIVE_COMPILATION_CONDITIONS = DEBUG;
				SWIFT_OPTIMIZATION_LEVEL = "-Onone";
			};
			name = Debug;
		};
		081E8D632083008E0064DE10 /* Release */ = {
			isa = XCBuildConfiguration;
			buildSettings = {
				ALWAYS_SEARCH_USER_PATHS = NO;
				CLANG_ANALYZER_NONNULL = YES;
				CLANG_ANALYZER_NUMBER_OBJECT_CONVERSION = YES_AGGRESSIVE;
				CLANG_CXX_LANGUAGE_STANDARD = "gnu++14";
				CLANG_CXX_LIBRARY = "libc++";
				CLANG_ENABLE_MODULES = YES;
				CLANG_ENABLE_OBJC_ARC = YES;
				CLANG_WARN_BLOCK_CAPTURE_AUTORELEASING = YES;
				CLANG_WARN_BOOL_CONVERSION = YES;
				CLANG_WARN_COMMA = YES;
				CLANG_WARN_CONSTANT_CONVERSION = YES;
				CLANG_WARN_DEPRECATED_OBJC_IMPLEMENTATIONS = YES;
				CLANG_WARN_DIRECT_OBJC_ISA_USAGE = YES_ERROR;
				CLANG_WARN_DOCUMENTATION_COMMENTS = YES;
				CLANG_WARN_EMPTY_BODY = YES;
				CLANG_WARN_ENUM_CONVERSION = YES;
				CLANG_WARN_INFINITE_RECURSION = YES;
				CLANG_WARN_INT_CONVERSION = YES;
				CLANG_WARN_NON_LITERAL_NULL_CONVERSION = YES;
				CLANG_WARN_OBJC_IMPLICIT_RETAIN_SELF = YES;
				CLANG_WARN_OBJC_LITERAL_CONVERSION = YES;
				CLANG_WARN_OBJC_ROOT_CLASS = YES_ERROR;
				CLANG_WARN_RANGE_LOOP_ANALYSIS = YES;
				CLANG_WARN_STRICT_PROTOTYPES = YES;
				CLANG_WARN_SUSPICIOUS_MOVE = YES;
				CLANG_WARN_UNGUARDED_AVAILABILITY = YES_AGGRESSIVE;
				CLANG_WARN_UNREACHABLE_CODE = YES;
				CLANG_WARN__DUPLICATE_METHOD_MATCH = YES;
				CODE_SIGN_IDENTITY = "iPhone Developer";
				COPY_PHASE_STRIP = NO;
				DEBUG_INFORMATION_FORMAT = "dwarf-with-dsym";
				ENABLE_NS_ASSERTIONS = NO;
				ENABLE_STRICT_OBJC_MSGSEND = YES;
				GCC_C_LANGUAGE_STANDARD = gnu11;
				GCC_NO_COMMON_BLOCKS = YES;
				GCC_WARN_64_TO_32_BIT_CONVERSION = YES;
				GCC_WARN_ABOUT_RETURN_TYPE = YES_ERROR;
				GCC_WARN_UNDECLARED_SELECTOR = YES;
				GCC_WARN_UNINITIALIZED_AUTOS = YES_AGGRESSIVE;
				GCC_WARN_UNUSED_FUNCTION = YES;
				GCC_WARN_UNUSED_VARIABLE = YES;
				IPHONEOS_DEPLOYMENT_TARGET = 11.3;
				MTL_ENABLE_DEBUG_INFO = NO;
				SDKROOT = iphoneos;
				SWIFT_OPTIMIZATION_LEVEL = "-Owholemodule";
				VALIDATE_PRODUCT = YES;
			};
			name = Release;
		};
		081E8D652083008E0064DE10 /* Debug */ = {
			isa = XCBuildConfiguration;
			buildSettings = {
				ASSETCATALOG_COMPILER_APPICON_NAME = AppIcon;
				CODE_SIGN_IDENTITY = "iPhone Developer";
				CODE_SIGN_STYLE = Automatic;
				DEVELOPMENT_TEAM = 3U567S85FC;
				INFOPLIST_FILE = ARPortal/Info.plist;
				LD_RUNPATH_SEARCH_PATHS = "$(inherited) @executable_path/Frameworks";
				PRODUCT_BUNDLE_IDENTIFIER = "Zaynah-Bhanji.ARPortal";
				PRODUCT_NAME = "$(TARGET_NAME)";
				PROVISIONING_PROFILE_SPECIFIER = "";
				SWIFT_VERSION = 4.0;
				TARGETED_DEVICE_FAMILY = "1,2";
			};
			name = Debug;
		};
		081E8D662083008E0064DE10 /* Release */ = {
			isa = XCBuildConfiguration;
			buildSettings = {
				ASSETCATALOG_COMPILER_APPICON_NAME = AppIcon;
				CODE_SIGN_IDENTITY = "iPhone Developer";
				CODE_SIGN_STYLE = Automatic;
				DEVELOPMENT_TEAM = 3U567S85FC;
				INFOPLIST_FILE = ARPortal/Info.plist;
				LD_RUNPATH_SEARCH_PATHS = "$(inherited) @executable_path/Frameworks";
				PRODUCT_BUNDLE_IDENTIFIER = "Zaynah-Bhanji.ARPortal";
				PRODUCT_NAME = "$(TARGET_NAME)";
				PROVISIONING_PROFILE_SPECIFIER = "";
				SWIFT_VERSION = 4.0;
				TARGETED_DEVICE_FAMILY = "1,2";
			};
			name = Release;
		};
		081E8D682083008E0064DE10 /* Debug */ = {
			isa = XCBuildConfiguration;
			buildSettings = {
				ALWAYS_EMBED_SWIFT_STANDARD_LIBRARIES = YES;
				BUNDLE_LOADER = "$(TEST_HOST)";
				CODE_SIGN_STYLE = Automatic;
				DEVELOPMENT_TEAM = 3U567S85FC;
				INFOPLIST_FILE = ARPortalTests/Info.plist;
				LD_RUNPATH_SEARCH_PATHS = "$(inherited) @executable_path/Frameworks @loader_path/Frameworks";
				PRODUCT_BUNDLE_IDENTIFIER = "Zaynah-Bhanji.ARPortalTests";
				PRODUCT_NAME = "$(TARGET_NAME)";
				SWIFT_VERSION = 4.0;
				TARGETED_DEVICE_FAMILY = "1,2";
				TEST_HOST = "$(BUILT_PRODUCTS_DIR)/ARPortal.app/ARPortal";
			};
			name = Debug;
		};
		081E8D692083008E0064DE10 /* Release */ = {
			isa = XCBuildConfiguration;
			buildSettings = {
				ALWAYS_EMBED_SWIFT_STANDARD_LIBRARIES = YES;
				BUNDLE_LOADER = "$(TEST_HOST)";
				CODE_SIGN_STYLE = Automatic;
				DEVELOPMENT_TEAM = 3U567S85FC;
				INFOPLIST_FILE = ARPortalTests/Info.plist;
				LD_RUNPATH_SEARCH_PATHS = "$(inherited) @executable_path/Frameworks @loader_path/Frameworks";
				PRODUCT_BUNDLE_IDENTIFIER = "Zaynah-Bhanji.ARPortalTests";
				PRODUCT_NAME = "$(TARGET_NAME)";
				SWIFT_VERSION = 4.0;
				TARGETED_DEVICE_FAMILY = "1,2";
				TEST_HOST = "$(BUILT_PRODUCTS_DIR)/ARPortal.app/ARPortal";
			};
			name = Release;
		};
		081E8D6B2083008E0064DE10 /* Debug */ = {
			isa = XCBuildConfiguration;
			buildSettings = {
				ALWAYS_EMBED_SWIFT_STANDARD_LIBRARIES = YES;
				CODE_SIGN_STYLE = Automatic;
				DEVELOPMENT_TEAM = 3U567S85FC;
				INFOPLIST_FILE = ARPortalUITests/Info.plist;
				LD_RUNPATH_SEARCH_PATHS = "$(inherited) @executable_path/Frameworks @loader_path/Frameworks";
				PRODUCT_BUNDLE_IDENTIFIER = "Zaynah-Bhanji.ARPortalUITests";
				PRODUCT_NAME = "$(TARGET_NAME)";
				SWIFT_VERSION = 4.0;
				TARGETED_DEVICE_FAMILY = "1,2";
				TEST_TARGET_NAME = ARPortal;
			};
			name = Debug;
		};
		081E8D6C2083008E0064DE10 /* Release */ = {
			isa = XCBuildConfiguration;
			buildSettings = {
				ALWAYS_EMBED_SWIFT_STANDARD_LIBRARIES = YES;
				CODE_SIGN_STYLE = Automatic;
				DEVELOPMENT_TEAM = 3U567S85FC;
				INFOPLIST_FILE = ARPortalUITests/Info.plist;
				LD_RUNPATH_SEARCH_PATHS = "$(inherited) @executable_path/Frameworks @loader_path/Frameworks";
				PRODUCT_BUNDLE_IDENTIFIER = "Zaynah-Bhanji.ARPortalUITests";
				PRODUCT_NAME = "$(TARGET_NAME)";
				SWIFT_VERSION = 4.0;
				TARGETED_DEVICE_FAMILY = "1,2";
				TEST_TARGET_NAME = ARPortal;
			};
			name = Release;
		};
/* End XCBuildConfiguration section */

/* Begin XCConfigurationList section */
		081E8D372083008D0064DE10 /* Build configuration list for PBXProject "ARPortal" */ = {
			isa = XCConfigurationList;
			buildConfigurations = (
				081E8D622083008E0064DE10 /* Debug */,
				081E8D632083008E0064DE10 /* Release */,
			);
			defaultConfigurationIsVisible = 0;
			defaultConfigurationName = Release;
		};
		081E8D642083008E0064DE10 /* Build configuration list for PBXNativeTarget "ARPortal" */ = {
			isa = XCConfigurationList;
			buildConfigurations = (
				081E8D652083008E0064DE10 /* Debug */,
				081E8D662083008E0064DE10 /* Release */,
			);
			defaultConfigurationIsVisible = 0;
			defaultConfigurationName = Release;
		};
		081E8D672083008E0064DE10 /* Build configuration list for PBXNativeTarget "ARPortalTests" */ = {
			isa = XCConfigurationList;
			buildConfigurations = (
				081E8D682083008E0064DE10 /* Debug */,
				081E8D692083008E0064DE10 /* Release */,
			);
			defaultConfigurationIsVisible = 0;
			defaultConfigurationName = Release;
		};
		081E8D6A2083008E0064DE10 /* Build configuration list for PBXNativeTarget "ARPortalUITests" */ = {
			isa = XCConfigurationList;
			buildConfigurations = (
				081E8D6B2083008E0064DE10 /* Debug */,
				081E8D6C2083008E0064DE10 /* Release */,
			);
			defaultConfigurationIsVisible = 0;
			defaultConfigurationName = Release;
		};
/* End XCConfigurationList section */
	};
	rootObject = 081E8D342083008D0064DE10 /* Project object */;
}
